
Microsoft Visual Studio Solution File, Format Version 12.00
# Visual Studio Version 16
VisualStudioVersion = 16.0.29613.14
MinimumVisualStudioVersion = 10.0.40219.1
Project("{FAE04EC0-301F-11D3-BF4B-00C04F79EFBC}") = "RecipeAPI", "RecipeAPI\RecipeAPI.csproj", "{DD5DA5BC-E039-4FF9-B0C6-D697F3FAA666}"
EndProject
Global
	GlobalSection(SolutionConfigurationPlatforms) = preSolution
		Debug|Any CPU = Debug|Any CPU
		Release|Any CPU = Release|Any CPU
	EndGlobalSection
	GlobalSection(ProjectConfigurationPlatforms) = postSolution
		{DD5DA5BC-E039-4FF9-B0C6-D697F3FAA666}.Debug|Any CPU.ActiveCfg = Debug|Any CPU
		{DD5DA5BC-E039-4FF9-B0C6-D697F3FAA666}.Debug|Any CPU.Build.0 = Debug|Any CPU
		{DD5DA5BC-E039-4FF9-B0C6-D697F3FAA666}.Release|Any CPU.ActiveCfg = Release|Any CPU
		{DD5DA5BC-E039-4FF9-B0C6-D697F3FAA666}.Release|Any CPU.Build.0 = Release|Any CPU
	EndGlobalSection
	GlobalSection(SolutionProperties) = preSolution
		HideSolutionNode = FALSE
	EndGlobalSection
	GlobalSection(ExtensibilityGlobals) = postSolution
		SolutionGuid = {E8B4ADE3-3243-46E7-9F49-92F07273B35C}
	EndGlobalSection
EndGlobal
